
Microsoft Visual Studio Solution File, Format Version 12.00
# Visual Studio 2013
VisualStudioVersion = 12.0.21005.1
MinimumVisualStudioVersion = 10.0.40219.1
Project("{FAE04EC0-301F-11D3-BF4B-00C04F79EFBC}") = "BwBackMgmt", "BwBackMgmt\BwBackMgmt.csproj", "{A5C8CC04-0E28-49F0-A46E-879617ECFA17}"
EndProject
Project("{FAE04EC0-301F-11D3-BF4B-00C04F79EFBC}") = "BwServer", "BwServer\BwServer.csproj", "{5A96B368-3261-4E93-8F60-21C0C40598E3}"
EndProject
Project("{FAE04EC0-301F-11D3-BF4B-00C04F79EFBC}") = "BwDal", "BwDal\BwDal.csproj", "{598DBAF5-137C-40A8-8D2E-453472E5CA2E}"
EndProject
Project("{FAE04EC0-301F-11D3-BF4B-00C04F79EFBC}") = "BwSal", "BwSal\BwSal.csproj", "{B8D7C22B-085B-471B-88C4-1BE0113F7641}"
EndProject
Project("{FAE04EC0-301F-11D3-BF4B-00C04F79EFBC}") = "BwCommon", "BwCommon\BwCommon.csproj", "{C2CBD0BE-3A48-4988-920C-51CAFD31E21C}"
EndProject
Project("{FAE04EC0-301F-11D3-BF4B-00C04F79EFBC}") = "EncryptionTools", "EncryptionTools\EncryptionTools.csproj", "{3B5D2C22-4E0F-4A0E-BE1F-5A07B4E20F72}"
EndProject
Project("{2150E333-8FDC-42A3-9474-1A3956D46DE8}") = "BackMgmt", "BackMgmt", "{85B23ED2-5EAD-455F-A490-A528C0AB5586}"
EndProject
Project("{2150E333-8FDC-42A3-9474-1A3956D46DE8}") = "Server", "Server", "{5EF0295C-F108-4C7C-A137-A0DA3B15A57E}"
EndProject
Project("{FAE04EC0-301F-11D3-BF4B-00C04F79EFBC}") = "BwBackModel", "BwBackModel\BwBackModel.csproj", "{C776B76E-E1E8-4E84-A8F0-C29A976C3458}"
EndProject
Project("{FAE04EC0-301F-11D3-BF4B-00C04F79EFBC}") = "BwServerSal", "BwServerSal\BwServerSal.csproj", "{A8D25538-C70B-4D2F-9DE6-4D7A9E47FA72}"
EndProject
Project("{2150E333-8FDC-42A3-9474-1A3956D46DE8}") = "_Demo", "_Demo", "{2ACA4755-7325-4554-A03A-59E9EF89B862}"
EndProject
Project("{FAE04EC0-301F-11D3-BF4B-00C04F79EFBC}") = "TimerTest", "TimerTest\TimerTest.csproj", "{210CB7CF-C05E-41CB-B090-B6549AA646FD}"
EndProject
Global
	GlobalSection(SolutionConfigurationPlatforms) = preSolution
		Debug|Any CPU = Debug|Any CPU
		Release|Any CPU = Release|Any CPU
	EndGlobalSection
	GlobalSection(ProjectConfigurationPlatforms) = postSolution
		{A5C8CC04-0E28-49F0-A46E-879617ECFA17}.Debug|Any CPU.ActiveCfg = Debug|Any CPU
		{A5C8CC04-0E28-49F0-A46E-879617ECFA17}.Debug|Any CPU.Build.0 = Debug|Any CPU
		{A5C8CC04-0E28-49F0-A46E-879617ECFA17}.Release|Any CPU.ActiveCfg = Release|Any CPU
		{A5C8CC04-0E28-49F0-A46E-879617ECFA17}.Release|Any CPU.Build.0 = Release|Any CPU
		{5A96B368-3261-4E93-8F60-21C0C40598E3}.Debug|Any CPU.ActiveCfg = Debug|Any CPU
		{5A96B368-3261-4E93-8F60-21C0C40598E3}.Debug|Any CPU.Build.0 = Debug|Any CPU
		{5A96B368-3261-4E93-8F60-21C0C40598E3}.Release|Any CPU.ActiveCfg = Release|Any CPU
		{5A96B368-3261-4E93-8F60-21C0C40598E3}.Release|Any CPU.Build.0 = Release|Any CPU
		{598DBAF5-137C-40A8-8D2E-453472E5CA2E}.Debug|Any CPU.ActiveCfg = Debug|Any CPU
		{598DBAF5-137C-40A8-8D2E-453472E5CA2E}.Debug|Any CPU.Build.0 = Debug|Any CPU
		{598DBAF5-137C-40A8-8D2E-453472E5CA2E}.Release|Any CPU.ActiveCfg = Release|Any CPU
		{598DBAF5-137C-40A8-8D2E-453472E5CA2E}.Release|Any CPU.Build.0 = Release|Any CPU
		{B8D7C22B-085B-471B-88C4-1BE0113F7641}.Debug|Any CPU.ActiveCfg = Debug|Any CPU
		{B8D7C22B-085B-471B-88C4-1BE0113F7641}.Debug|Any CPU.Build.0 = Debug|Any CPU
		{B8D7C22B-085B-471B-88C4-1BE0113F7641}.Release|Any CPU.ActiveCfg = Release|Any CPU
		{B8D7C22B-085B-471B-88C4-1BE0113F7641}.Release|Any CPU.Build.0 = Release|Any CPU
		{C2CBD0BE-3A48-4988-920C-51CAFD31E21C}.Debug|Any CPU.ActiveCfg = Debug|Any CPU
		{C2CBD0BE-3A48-4988-920C-51CAFD31E21C}.Debug|Any CPU.Build.0 = Debug|Any CPU
		{C2CBD0BE-3A48-4988-920C-51CAFD31E21C}.Release|Any CPU.ActiveCfg = Release|Any CPU
		{C2CBD0BE-3A48-4988-920C-51CAFD31E21C}.Release|Any CPU.Build.0 = Release|Any CPU
		{3B5D2C22-4E0F-4A0E-BE1F-5A07B4E20F72}.Debug|Any CPU.ActiveCfg = Debug|Any CPU
		{3B5D2C22-4E0F-4A0E-BE1F-5A07B4E20F72}.Debug|Any CPU.Build.0 = Debug|Any CPU
		{3B5D2C22-4E0F-4A0E-BE1F-5A07B4E20F72}.Release|Any CPU.ActiveCfg = Release|Any CPU
		{3B5D2C22-4E0F-4A0E-BE1F-5A07B4E20F72}.Release|Any CPU.Build.0 = Release|Any CPU
		{C776B76E-E1E8-4E84-A8F0-C29A976C3458}.Debug|Any CPU.ActiveCfg = Debug|Any CPU
		{C776B76E-E1E8-4E84-A8F0-C29A976C3458}.Debug|Any CPU.Build.0 = Debug|Any CPU
		{C776B76E-E1E8-4E84-A8F0-C29A976C3458}.Release|Any CPU.ActiveCfg = Release|Any CPU
		{C776B76E-E1E8-4E84-A8F0-C29A976C3458}.Release|Any CPU.Build.0 = Release|Any CPU
		{A8D25538-C70B-4D2F-9DE6-4D7A9E47FA72}.Debug|Any CPU.ActiveCfg = Debug|Any CPU
		{A8D25538-C70B-4D2F-9DE6-4D7A9E47FA72}.Debug|Any CPU.Build.0 = Debug|Any CPU
		{A8D25538-C70B-4D2F-9DE6-4D7A9E47FA72}.Release|Any CPU.ActiveCfg = Release|Any CPU
		{A8D25538-C70B-4D2F-9DE6-4D7A9E47FA72}.Release|Any CPU.Build.0 = Release|Any CPU
		{210CB7CF-C05E-41CB-B090-B6549AA646FD}.Debug|Any CPU.ActiveCfg = Debug|Any CPU
		{210CB7CF-C05E-41CB-B090-B6549AA646FD}.Debug|Any CPU.Build.0 = Debug|Any CPU
		{210CB7CF-C05E-41CB-B090-B6549AA646FD}.Release|Any CPU.ActiveCfg = Release|Any CPU
		{210CB7CF-C05E-41CB-B090-B6549AA646FD}.Release|Any CPU.Build.0 = Release|Any CPU
	EndGlobalSection
	GlobalSection(SolutionProperties) = preSolution
		HideSolutionNode = FALSE
	EndGlobalSection
	GlobalSection(NestedProjects) = preSolution
		{A5C8CC04-0E28-49F0-A46E-879617ECFA17} = {85B23ED2-5EAD-455F-A490-A528C0AB5586}
		{C776B76E-E1E8-4E84-A8F0-C29A976C3458} = {85B23ED2-5EAD-455F-A490-A528C0AB5586}
		{A8D25538-C70B-4D2F-9DE6-4D7A9E47FA72} = {85B23ED2-5EAD-455F-A490-A528C0AB5586}
		{598DBAF5-137C-40A8-8D2E-453472E5CA2E} = {5EF0295C-F108-4C7C-A137-A0DA3B15A57E}
		{5A96B368-3261-4E93-8F60-21C0C40598E3} = {5EF0295C-F108-4C7C-A137-A0DA3B15A57E}
		{210CB7CF-C05E-41CB-B090-B6549AA646FD} = {2ACA4755-7325-4554-A03A-59E9EF89B862}
	EndGlobalSection
EndGlobal
